
Microsoft Visual Studio Solution File, Format Version 12.00
# Visual Studio 14
VisualStudioVersion = 14.0.25420.1
MinimumVisualStudioVersion = 10.0.40219.1
Project("{FAE04EC0-301F-11D3-BF4B-00C04F79EFBC}") = "ImagineX.TenSubstring.Tests", "ImagineX.TenSubstring.Tests\ImagineX.TenSubstring.Tests.csproj", "{DFA87D81-79AE-4EEA-BB26-CD081D487830}"
EndProject
Project("{FAE04EC0-301F-11D3-BF4B-00C04F79EFBC}") = "ImagineX.TenSubstring", "ImagineX.TenSubstring\ImagineX.TenSubstring.csproj", "{FDD56A57-58A4-4F4F-95F7-77F9701E1B94}"
EndProject
Global
	GlobalSection(SolutionConfigurationPlatforms) = preSolution
		Debug|Any CPU = Debug|Any CPU
		Release|Any CPU = Release|Any CPU
	EndGlobalSection
	GlobalSection(ProjectConfigurationPlatforms) = postSolution
		{DFA87D81-79AE-4EEA-BB26-CD081D487830}.Debug|Any CPU.ActiveCfg = Debug|Any CPU
		{DFA87D81-79AE-4EEA-BB26-CD081D487830}.Debug|Any CPU.Build.0 = Debug|Any CPU
		{DFA87D81-79AE-4EEA-BB26-CD081D487830}.Release|Any CPU.ActiveCfg = Release|Any CPU
		{DFA87D81-79AE-4EEA-BB26-CD081D487830}.Release|Any CPU.Build.0 = Release|Any CPU
		{FDD56A57-58A4-4F4F-95F7-77F9701E1B94}.Debug|Any CPU.ActiveCfg = Debug|Any CPU
		{FDD56A57-58A4-4F4F-95F7-77F9701E1B94}.Debug|Any CPU.Build.0 = Debug|Any CPU
		{FDD56A57-58A4-4F4F-95F7-77F9701E1B94}.Release|Any CPU.ActiveCfg = Release|Any CPU
		{FDD56A57-58A4-4F4F-95F7-77F9701E1B94}.Release|Any CPU.Build.0 = Release|Any CPU
	EndGlobalSection
	GlobalSection(SolutionProperties) = preSolution
		HideSolutionNode = FALSE
	EndGlobalSection
EndGlobal
